// !$*UTF8*$!
{
	archiveVersion = 1;
	classes = {
	};
	objectVersion = 77;
	objects = {

/* Begin PBXBuildFile section */
		F4338FB32FD032510034F1C8 /* MWDATCamera in Frameworks */ = {isa = PBXBuildFile; productRef = F4338FB22FD032510034F1C8 /* MWDATCamera */; };
		F4338FB52FD032510034F1C8 /* MWDATCore in Frameworks */ = {isa = PBXBuildFile; productRef = F4338FB42FD032510034F1C8 /* MWDATCore */; };
		F4338FB72FD032510034F1C8 /* MWDATDisplay in Frameworks */ = {isa = PBXBuildFile; productRef = F4338FB62FD032510034F1C8 /* MWDATDisplay */; };
/* End PBXBuildFile section */

/* Begin PBXContainerItemProxy section */
		F4338F562FD01DAA0034F1C8 /* PBXContainerItemProxy */ = {
			isa = PBXContainerItemProxy;
			containerPortal = F4338F402FD01DA90034F1C8 /* Project object */;
			proxyType = 1;
			remoteGlobalIDString = F4338F472FD01DA90034F1C8;
			remoteInfo = Offline_Mission_Control;
		};
		F4338F602FD01DAB0034F1C8 /* PBXContainerItemProxy */ = {
			isa = PBXContainerItemProxy;
			containerPortal = F4338F402FD01DA90034F1C8 /* Project object */;
			proxyType = 1;
			remoteGlobalIDString = F4338F472FD01DA90034F1C8;
			remoteInfo = Offline_Mission_Control;
		};
/* End PBXContainerItemProxy section */

/* Begin PBXFileReference section */
		F4338F482FD01DA90034F1C8 /* Offline_Mission_Control.app */ = {isa = PBXFileReference; explicitFileType = wrapper.application; includeInIndex = 0; path = Offline_Mission_Control.app; sourceTree = BUILT_PRODUCTS_DIR; };
		F4338F552FD01DAA0034F1C8 /* Offline_Mission_ControlTests.xctest */ = {isa = PBXFileReference; explicitFileType = wrapper.cfbundle; includeInIndex = 0; path = Offline_Mission_ControlTests.xctest; sourceTree = BUILT_PRODUCTS_DIR; };
		F4338F5F2FD01DAB0034F1C8 /* Offline_Mission_ControlUITests.xctest */ = {isa = PBXFileReference; explicitFileType = wrapper.cfbundle; includeInIndex = 0; path = Offline_Mission_ControlUITests.xctest; sourceTree = BUILT_PRODUCTS_DIR; };
/* End PBXFileReference section */

/* Begin PBXFileSystemSynchronizedRootGroup section */
		F4338F4A2FD01DA90034F1C8 /* Offline_Mission_Control */ = {
			isa = PBXFileSystemSynchronizedRootGroup;
			path = Offline_Mission_Control;
			sourceTree = "<group>";
		};
		F4338F582FD01DAB0034F1C8 /* Offline_Mission_ControlTests */ = {
			isa = PBXFileSystemSynchronizedRootGroup;
			path = Offline_Mission_ControlTests;
			sourceTree = "<group>";
		};
		F4338F622FD01DAB0034F1C8 /* Offline_Mission_ControlUITests */ = {
			isa = PBXFileSystemSynchronizedRootGroup;
			path = Offline_Mission_ControlUITests;
			sourceTree = "<group>";
		};
/* End PBXFileSystemSynchronizedRootGroup section */

/* Begin PBXFrameworksBuildPhase section */
		F4338F452FD01DA90034F1C8 /* Frameworks */ = {
			isa = PBXFrameworksBuildPhase;
			buildActionMask = 2147483647;
			files = (
				F4338FB72FD032510034F1C8 /* MWDATDisplay in Frameworks */,
				F4338FB32FD032510034F1C8 /* MWDATCamera in Frameworks */,
				F4338FB52FD032510034F1C8 /* MWDATCore in Frameworks */,
			);
			runOnlyForDeploymentPostprocessing = 0;
		};
		F4338F522FD01DAA0034F1C8 /* Frameworks */ = {
			isa = PBXFrameworksBuildPhase;
			buildActionMask = 2147483647;
			files = (
			);
			runOnlyForDeploymentPostprocessing = 0;
		};
		F4338F5C2FD01DAB0034F1C8 /* Frameworks */ = {
			isa = PBXFrameworksBuildPhase;
			buildActionMask = 2147483647;
			files = (
			);
			runOnlyForDeploymentPostprocessing = 0;
		};
/* End PBXFrameworksBuildPhase section */

/* Begin PBXGroup section */
		F4338F3F2FD01DA90034F1C8 = {
			isa = PBXGroup;
			children = (
				F4338F4A2FD01DA90034F1C8 /* Offline_Mission_Control */,
				F4338F582FD01DAB0034F1C8 /* Offline_Mission_ControlTests */,
				F4338F622FD01DAB0034F1C8 /* Offline_Mission_ControlUITests */,
				F4338FB12FD032510034F1C8 /* Frameworks */,
				F4338F492FD01DA90034F1C8 /* Products */,
			);
			sourceTree = "<group>";
		};
		F4338F492FD01DA90034F1C8 /* Products */ = {
			isa = PBXGroup;
			children = (
				F4338F482FD01DA90034F1C8 /* Offline_Mission_Control.app */,
				F4338F552FD01DAA0034F1C8 /* Offline_Mission_ControlTests.xctest */,
				F4338F5F2FD01DAB0034F1C8 /* Offline_Mission_ControlUITests.xctest */,
			);
			name = Products;
			sourceTree = "<group>";
		};
		F4338FB12FD032510034F1C8 /* Frameworks */ = {
			isa = PBXGroup;
			children = (
			);
			name = Frameworks;
			sourceTree = "<group>";
		};
/* End PBXGroup section */

/* Begin PBXNativeTarget section */
		F4338F472FD01DA90034F1C8 /* Offline_Mission_Control */ = {
			isa = PBXNativeTarget;
			buildConfigurationList = F4338F692FD01DAB0034F1C8 /* Build configuration list for PBXNativeTarget "Offline_Mission_Control" */;
			buildPhases = (
				F4338F442FD01DA90034F1C8 /* Sources */,
				F4338F452FD01DA90034F1C8 /* Frameworks */,
				F4338F462FD01DA90034F1C8 /* Resources */,
			);
			buildRules = (
			);
			dependencies = (
			);
			fileSystemSynchronizedGroups = (
				F4338F4A2FD01DA90034F1C8 /* Offline_Mission_Control */,
			);
			name = Offline_Mission_Control;
			packageProductDependencies = (
				F4338FB22FD032510034F1C8 /* MWDATCamera */,
				F4338FB42FD032510034F1C8 /* MWDATCore */,
				F4338FB62FD032510034F1C8 /* MWDATDisplay */,
			);
			productName = Offline_Mission_Control;
			productReference = F4338F482FD01DA90034F1C8 /* Offline_Mission_Control.app */;
			productType = "com.apple.product-type.application";
		};
		F4338F542FD01DAA0034F1C8 /* Offline_Mission_ControlTests */ = {
			isa = PBXNativeTarget;
			buildConfigurationList = F4338F6C2FD01DAB0034F1C8 /* Build configuration list for PBXNativeTarget "Offline_Mission_ControlTests" */;
			buildPhases = (
				F4338F512FD01DAA0034F1C8 /* Sources */,
				F4338F522FD01DAA0034F1C8 /* Frameworks */,
				F4338F532FD01DAA0034F1C8 /* Resources */,
			);
			buildRules = (
			);
			dependencies = (
				F4338F572FD01DAA0034F1C8 /* PBXTargetDependency */,
			);
			fileSystemSynchronizedGroups = (
				F4338F582FD01DAB0034F1C8 /* Offline_Mission_ControlTests */,
			);
			name = Offline_Mission_ControlTests;
			packageProductDependencies = (
			);
			productName = Offline_Mission_ControlTests;
			productReference = F4338F552FD01DAA0034F1C8 /* Offline_Mission_ControlTests.xctest */;
			productType = "com.apple.product-type.bundle.unit-test";
		};
		F4338F5E2FD01DAB0034F1C8 /* Offline_Mission_ControlUITests */ = {
			isa = PBXNativeTarget;
			buildConfigurationList = F4338F6F2FD01DAB0034F1C8 /* Build configuration list for PBXNativeTarget "Offline_Mission_ControlUITests" */;
			buildPhases = (
				F4338F5B2FD01DAB0034F1C8 /* Sources */,
				F4338F5C2FD01DAB0034F1C8 /* Frameworks */,
				F4338F5D2FD01DAB0034F1C8 /* Resources */,
			);
			buildRules = (
			);
			dependencies = (
				F4338F612FD01DAB0034F1C8 /* PBXTargetDependency */,
			);
			fileSystemSynchronizedGroups = (
				F4338F622FD01DAB0034F1C8 /* Offline_Mission_ControlUITests */,
			);
			name = Offline_Mission_ControlUITests;
			packageProductDependencies = (
			);
			productName = Offline_Mission_ControlUITests;
			productReference = F4338F5F2FD01DAB0034F1C8 /* Offline_Mission_ControlUITests.xctest */;
			productType = "com.apple.product-type.bundle.ui-testing";
		};
/* End PBXNativeTarget section */

/* Begin PBXProject section */
		F4338F402FD01DA90034F1C8 /* Project object */ = {
			isa = PBXProject;
			attributes = {
				BuildIndependentTargetsInParallel = 1;
				LastSwiftUpdateCheck = 2650;
				LastUpgradeCheck = 2650;
				TargetAttributes = {
					F4338F472FD01DA90034F1C8 = {
						CreatedOnToolsVersion = 26.5;
					};
					F4338F542FD01DAA0034F1C8 = {
						CreatedOnToolsVersion = 26.5;
						TestTargetID = F4338F472FD01DA90034F1C8;
					};
					F4338F5E2FD01DAB0034F1C8 = {
						CreatedOnToolsVersion = 26.5;
						TestTargetID = F4338F472FD01DA90034F1C8;
					};
				};
			};
			buildConfigurationList = F4338F432FD01DA90034F1C8 /* Build configuration list for PBXProject "Offline_Mission_Control" */;
			developmentRegion = en;
			hasScannedForEncodings = 0;
			knownRegions = (
				en,
				Base,
			);
			mainGroup = F4338F3F2FD01DA90034F1C8;
			minimizedProjectReferenceProxies = 1;
			packageReferences = (
				F4338FB02FD027AA0034F1C8 /* XCRemoteSwiftPackageReference "meta-wearables-dat-ios" */,
			);
			preferredProjectObjectVersion = 77;
			productRefGroup = F4338F492FD01DA90034F1C8 /* Products */;
			projectDirPath = "";
			projectRoot = "";
			targets = (
				F4338F472FD01DA90034F1C8 /* Offline_Mission_Control */,
				F4338F542FD01DAA0034F1C8 /* Offline_Mission_ControlTests */,
				F4338F5E2FD01DAB0034F1C8 /* Offline_Mission_ControlUITests */,
			);
		};
/* End PBXProject section */

/* Begin PBXResourcesBuildPhase section */
		F4338F462FD01DA90034F1C8 /* Resources */ = {
			isa = PBXResourcesBuildPhase;
			buildActionMask = 2147483647;
			files = (
			);
			runOnlyForDeploymentPostprocessing = 0;
		};
		F4338F532FD01DAA0034F1C8 /* Resources */ = {
			isa = PBXResourcesBuildPhase;
			buildActionMask = 2147483647;
			files = (
			);
			runOnlyForDeploymentPostprocessing = 0;
		};
		F4338F5D2FD01DAB0034F1C8 /* Resources */ = {
			isa = PBXResourcesBuildPhase;
			buildActionMask = 2147483647;
			files = (
			);
			runOnlyForDeploymentPostprocessing = 0;
		};
/* End PBXResourcesBuildPhase section */

/* Begin PBXSourcesBuildPhase section */
		F4338F442FD01DA90034F1C8 /* Sources */ = {
			isa = PBXSourcesBuildPhase;
			buildActionMask = 2147483647;
			files = (
			);
			runOnlyForDeploymentPostprocessing = 0;
		};
		F4338F512FD01DAA0034F1C8 /* Sources */ = {
			isa = PBXSourcesBuildPhase;
			buildActionMask = 2147483647;
			files = (
			);
			runOnlyForDeploymentPostprocessing = 0;
		};
		F4338F5B2FD01DAB0034F1C8 /* Sources */ = {
			isa = PBXSourcesBuildPhase;
			buildActionMask = 2147483647;
			files = (
			);
			runOnlyForDeploymentPostprocessing = 0;
		};
/* End PBXSourcesBuildPhase section */

/* Begin PBXTargetDependency section */
		F4338F572FD01DAA0034F1C8 /* PBXTargetDependency */ = {
			isa = PBXTargetDependency;
			target = F4338F472FD01DA90034F1C8 /* Offline_Mission_Control */;
			targetProxy = F4338F562FD01DAA0034F1C8 /* PBXContainerItemProxy */;
		};
		F4338F612FD01DAB0034F1C8 /* PBXTargetDependency */ = {
			isa = PBXTargetDependency;
			target = F4338F472FD01DA90034F1C8 /* Offline_Mission_Control */;
			targetProxy = F4338F602FD01DAB0034F1C8 /* PBXContainerItemProxy */;
		};
/* End PBXTargetDependency section */

/* Begin XCBuildConfiguration section */
		F4338F672FD01DAB0034F1C8 /* Debug */ = {
			isa = XCBuildConfiguration;
			buildSettings = {
				ALWAYS_SEARCH_USER_PATHS = NO;
				ASSETCATALOG_COMPILER_GENERATE_SWIFT_ASSET_SYMBOL_EXTENSIONS = YES;
				CLANG_ANALYZER_NONNULL = YES;
				CLANG_ANALYZER_NUMBER_OBJECT_CONVERSION = YES_AGGRESSIVE;
				CLANG_CXX_LANGUAGE_STANDARD = "gnu++20";
				CLANG_ENABLE_MODULES = YES;
				CLANG_ENABLE_OBJC_ARC = YES;
				CLANG_ENABLE_OBJC_WEAK = YES;
				CLANG_WARN_BLOCK_CAPTURE_AUTORELEASING = YES;
				CLANG_WARN_BOOL_CONVERSION = YES;
				CLANG_WARN_COMMA = YES;
				CLANG_WARN_CONSTANT_CONVERSION = YES;
				CLANG_WARN_DEPRECATED_OBJC_IMPLEMENTATIONS = YES;
				CLANG_WARN_DIRECT_OBJC_ISA_USAGE = YES_ERROR;
				CLANG_WARN_DOCUMENTATION_COMMENTS = YES;
				CLANG_WARN_EMPTY_BODY = YES;
				CLANG_WARN_ENUM_CONVERSION = YES;
				CLANG_WARN_INFINITE_RECURSION = YES;
				CLANG_WARN_INT_CONVERSION = YES;
				CLANG_WARN_NON_LITERAL_NULL_CONVERSION = YES;
				CLANG_WARN_OBJC_IMPLICIT_RETAIN_SELF = YES;
				CLANG_WARN_OBJC_LITERAL_CONVERSION = YES;
				CLANG_WARN_OBJC_ROOT_CLASS = YES_ERROR;
				CLANG_WARN_QUOTED_INCLUDE_IN_FRAMEWORK_HEADER = YES;
				CLANG_WARN_RANGE_LOOP_ANALYSIS = YES;
				CLANG_WARN_STRICT_PROTOTYPES = YES;
				CLANG_WARN_SUSPICIOUS_MOVE = YES;
				CLANG_WARN_UNGUARDED_AVAILABILITY = YES_AGGRESSIVE;
				CLANG_WARN_UNREACHABLE_CODE = YES;
				CLANG_WARN__DUPLICATE_METHOD_MATCH = YES;
				COPY_PHASE_STRIP = NO;
				DEBUG_INFORMATION_FORMAT = dwarf;
				DEVELOPMENT_TEAM = 5KQ66KV2K8;
				ENABLE_STRICT_OBJC_MSGSEND = YES;
				ENABLE_TESTABILITY = YES;
				ENABLE_USER_SCRIPT_SANDBOXING = YES;
				GCC_C_LANGUAGE_STANDARD = gnu17;
				GCC_DYNAMIC_NO_PIC = NO;
				GCC_NO_COMMON_BLOCKS = YES;
				GCC_OPTIMIZATION_LEVEL = 0;
				GCC_PREPROCESSOR_DEFINITIONS = (
					"DEBUG=1",
					"$(inherited)",
				);
				GCC_WARN_64_TO_32_BIT_CONVERSION = YES;
				GCC_WARN_ABOUT_RETURN_TYPE = YES_ERROR;
				GCC_WARN_UNDECLARED_SELECTOR = YES;
				GCC_WARN_UNINITIALIZED_AUTOS = YES_AGGRESSIVE;
				GCC_WARN_UNUSED_FUNCTION = YES;
				GCC_WARN_UNUSED_VARIABLE = YES;
				LOCALIZATION_PREFERS_STRING_CATALOGS = YES;
				MTL_ENABLE_DEBUG_INFO = INCLUDE_SOURCE;
				MTL_FAST_MATH = YES;
				ONLY_ACTIVE_ARCH = YES;
				SWIFT_ACTIVE_COMPILATION_CONDITIONS = "DEBUG $(inherited)";
				SWIFT_OPTIMIZATION_LEVEL = "-Onone";
			};
			name = Debug;
		};
		F4338F682FD01DAB0034F1C8 /* Release */ = {
			isa = XCBuildConfiguration;
			buildSettings = {
				ALWAYS_SEARCH_USER_PATHS = NO;
				ASSETCATALOG_COMPILER_GENERATE_SWIFT_ASSET_SYMBOL_EXTENSIONS = YES;
				CLANG_ANALYZER_NONNULL = YES;
				CLANG_ANALYZER_NUMBER_OBJECT_CONVERSION = YES_AGGRESSIVE;
				CLANG_CXX_LANGUAGE_STANDARD = "gnu++20";
				CLANG_ENABLE_MODULES = YES;
				CLANG_ENABLE_OBJC_ARC = YES;
				CLANG_ENABLE_OBJC_WEAK = YES;
				CLANG_WARN_BLOCK_CAPTURE_AUTORELEASING = YES;
				CLANG_WARN_BOOL_CONVERSION = YES;
				CLANG_WARN_COMMA = YES;
				CLANG_WARN_CONSTANT_CONVERSION = YES;
				CLANG_WARN_DEPRECATED_OBJC_IMPLEMENTATIONS = YES;
				CLANG_WARN_DIRECT_OBJC_ISA_USAGE = YES_ERROR;
				CLANG_WARN_DOCUMENTATION_COMMENTS = YES;
				CLANG_WARN_EMPTY_BODY = YES;
				CLANG_WARN_ENUM_CONVERSION = YES;
				CLANG_WARN_INFINITE_RECURSION = YES;
				CLANG_WARN_INT_CONVERSION = YES;
				CLANG_WARN_NON_LITERAL_NULL_CONVERSION = YES;
				CLANG_WARN_OBJC_IMPLICIT_RETAIN_SELF = YES;
				CLANG_WARN_OBJC_LITERAL_CONVERSION = YES;
				CLANG_WARN_OBJC_ROOT_CLASS = YES_ERROR;
				CLANG_WARN_QUOTED_INCLUDE_IN_FRAMEWORK_HEADER = YES;
				CLANG_WARN_RANGE_LOOP_ANALYSIS = YES;
				CLANG_WARN_STRICT_PROTOTYPES = YES;
				CLANG_WARN_SUSPICIOUS_MOVE = YES;
				CLANG_WARN_UNGUARDED_AVAILABILITY = YES_AGGRESSIVE;
				CLANG_WARN_UNREACHABLE_CODE = YES;
				CLANG_WARN__DUPLICATE_METHOD_MATCH = YES;
				COPY_PHASE_STRIP = NO;
				DEBUG_INFORMATION_FORMAT = "dwarf-with-dsym";
				DEVELOPMENT_TEAM = 5KQ66KV2K8;
				ENABLE_NS_ASSERTIONS = NO;
				ENABLE_STRICT_OBJC_MSGSEND = YES;
				ENABLE_USER_SCRIPT_SANDBOXING = YES;
				GCC_C_LANGUAGE_STANDARD = gnu17;
				GCC_NO_COMMON_BLOCKS = YES;
				GCC_WARN_64_TO_32_BIT_CONVERSION = YES;
				GCC_WARN_ABOUT_RETURN_TYPE = YES_ERROR;
				GCC_WARN_UNDECLARED_SELECTOR = YES;
				GCC_WARN_UNINITIALIZED_AUTOS = YES_AGGRESSIVE;
				GCC_WARN_UNUSED_FUNCTION = YES;
				GCC_WARN_UNUSED_VARIABLE = YES;
				LOCALIZATION_PREFERS_STRING_CATALOGS = YES;
				MTL_ENABLE_DEBUG_INFO = NO;
				MTL_FAST_MATH = YES;
				SWIFT_COMPILATION_MODE = wholemodule;
			};
			name = Release;
		};
		F4338F6A2FD01DAB0034F1C8 /* Debug */ = {
			isa = XCBuildConfiguration;
			buildSettings = {
				ASSETCATALOG_COMPILER_APPICON_NAME = AppIcon;
				ASSETCATALOG_COMPILER_GLOBAL_ACCENT_COLOR_NAME = AccentColor;
				CODE_SIGN_ENTITLEMENTS = Offline_Mission_Control.entitlements;
				CODE_SIGN_IDENTITY = "Apple Development";
				CODE_SIGN_STYLE = Automatic;
				CURRENT_PROJECT_VERSION = 1;
				DEVELOPMENT_TEAM = 5KQ66KV2K8;
				ENABLE_APP_SANDBOX = YES;
				ENABLE_HARDENED_RUNTIME = YES;
				ENABLE_PREVIEWS = YES;
				ENABLE_USER_SELECTED_FILES = readonly;
				GENERATE_INFOPLIST_FILE = NO;
				INFOPLIST_FILE = Info.plist;
				"INFOPLIST_KEY_UIApplicationSceneManifest_Generation[sdk=iphoneos*]" = YES;
				"INFOPLIST_KEY_UIApplicationSceneManifest_Generation[sdk=iphonesimulator*]" = YES;
				"INFOPLIST_KEY_UIApplicationSupportsIndirectInputEvents[sdk=iphoneos*]" = YES;
				"INFOPLIST_KEY_UIApplicationSupportsIndirectInputEvents[sdk=iphonesimulator*]" = YES;
				"INFOPLIST_KEY_UILaunchScreen_Generation[sdk=iphoneos*]" = YES;
				"INFOPLIST_KEY_UILaunchScreen_Generation[sdk=iphonesimulator*]" = YES;
				"INFOPLIST_KEY_UIStatusBarStyle[sdk=iphoneos*]" = UIStatusBarStyleDefault;
				"INFOPLIST_KEY_UIStatusBarStyle[sdk=iphonesimulator*]" = UIStatusBarStyleDefault;
				INFOPLIST_KEY_UISupportedInterfaceOrientations_iPad = "UIInterfaceOrientationPortrait UIInterfaceOrientationPortraitUpsideDown UIInterfaceOrientationLandscapeLeft UIInterfaceOrientationLandscapeRight";
				INFOPLIST_KEY_UISupportedInterfaceOrientations_iPhone = "UIInterfaceOrientationPortrait UIInterfaceOrientationLandscapeLeft UIInterfaceOrientationLandscapeRight";
				IPHONEOS_DEPLOYMENT_TARGET = 26.5;
				LD_RUNPATH_SEARCH_PATHS = "@executable_path/Frameworks";
				"LD_RUNPATH_SEARCH_PATHS[sdk=macosx*]" = "@executable_path/../Frameworks";
				MACOSX_DEPLOYMENT_TARGET = 26.4;
				MARKETING_VERSION = 1.0;
				PRODUCT_BUNDLE_IDENTIFIER = "com.GFlab.Offline-Mission-Control";
				PRODUCT_NAME = "$(TARGET_NAME)";
				PROVISIONING_PROFILE_SPECIFIER = "";
				REGISTER_APP_GROUPS = YES;
				SDKROOT = auto;
				STRING_CATALOG_GENERATE_SYMBOLS = YES;
				SUPPORTED_PLATFORMS = "iphoneos iphonesimulator macosx xros xrsimulator";
				SWIFT_APPROACHABLE_CONCURRENCY = YES;
				SWIFT_DEFAULT_ACTOR_ISOLATION = MainActor;
				SWIFT_EMIT_LOC_STRINGS = YES;
				SWIFT_UPCOMING_FEATURE_MEMBER_IMPORT_VISIBILITY = YES;
				SWIFT_VERSION = 5.0;
				TARGETED_DEVICE_FAMILY = "1,2,7";
				XROS_DEPLOYMENT_TARGET = 26.5;
			};
			name = Debug;
		};
		F4338F6B2FD01DAB0034F1C8 /* Release */ = {
			isa = XCBuildConfiguration;
			buildSettings = {
				ASSETCATALOG_COMPILER_APPICON_NAME = AppIcon;
				ASSETCATALOG_COMPILER_GLOBAL_ACCENT_COLOR_NAME = AccentColor;
				CODE_SIGN_ENTITLEMENTS = Offline_Mission_Control.entitlements;
				CODE_SIGN_IDENTITY = "Apple Development";
				CODE_SIGN_STYLE = Automatic;
				CURRENT_PROJECT_VERSION = 1;
				DEVELOPMENT_TEAM = 5KQ66KV2K8;
				ENABLE_APP_SANDBOX = YES;
				ENABLE_HARDENED_RUNTIME = YES;
				ENABLE_PREVIEWS = YES;
				ENABLE_USER_SELECTED_FILES = readonly;
				GENERATE_INFOPLIST_FILE = NO;
				INFOPLIST_FILE = Info.plist;
				"INFOPLIST_KEY_UIApplicationSceneManifest_Generation[sdk=iphoneos*]" = YES;
				"INFOPLIST_KEY_UIApplicationSceneManifest_Generation[sdk=iphonesimulator*]" = YES;
				"INFOPLIST_KEY_UIApplicationSupportsIndirectInputEvents[sdk=iphoneos*]" = YES;
				"INFOPLIST_KEY_UIApplicationSupportsIndirectInputEvents[sdk=iphonesimulator*]" = YES;
				"INFOPLIST_KEY_UILaunchScreen_Generation[sdk=iphoneos*]" = YES;
				"INFOPLIST_KEY_UILaunchScreen_Generation[sdk=iphonesimulator*]" = YES;
				"INFOPLIST_KEY_UIStatusBarStyle[sdk=iphoneos*]" = UIStatusBarStyleDefault;
				"INFOPLIST_KEY_UIStatusBarStyle[sdk=iphonesimulator*]" = UIStatusBarStyleDefault;
				INFOPLIST_KEY_UISupportedInterfaceOrientations_iPad = "UIInterfaceOrientationPortrait UIInterfaceOrientationPortraitUpsideDown UIInterfaceOrientationLandscapeLeft UIInterfaceOrientationLandscapeRight";
				INFOPLIST_KEY_UISupportedInterfaceOrientations_iPhone = "UIInterfaceOrientationPortrait UIInterfaceOrientationLandscapeLeft UIInterfaceOrientationLandscapeRight";
				IPHONEOS_DEPLOYMENT_TARGET = 26.5;
				LD_RUNPATH_SEARCH_PATHS = "@executable_path/Frameworks";
				"LD_RUNPATH_SEARCH_PATHS[sdk=macosx*]" = "@executable_path/../Frameworks";
				MACOSX_DEPLOYMENT_TARGET = 26.4;
				MARKETING_VERSION = 1.0;
				PRODUCT_BUNDLE_IDENTIFIER = "com.GFlab.Offline-Mission-Control";
				PRODUCT_NAME = "$(TARGET_NAME)";
				PROVISIONING_PROFILE_SPECIFIER = "";
				REGISTER_APP_GROUPS = YES;
				SDKROOT = auto;
				STRING_CATALOG_GENERATE_SYMBOLS = YES;
				SUPPORTED_PLATFORMS = "iphoneos iphonesimulator macosx xros xrsimulator";
				SWIFT_APPROACHABLE_CONCURRENCY = YES;
				SWIFT_DEFAULT_ACTOR_ISOLATION = MainActor;
				SWIFT_EMIT_LOC_STRINGS = YES;
				SWIFT_UPCOMING_FEATURE_MEMBER_IMPORT_VISIBILITY = YES;
				SWIFT_VERSION = 5.0;
				TARGETED_DEVICE_FAMILY = "1,2,7";
				XROS_DEPLOYMENT_TARGET = 26.5;
			};
			name = Release;
		};
		F4338F6D2FD01DAB0034F1C8 /* Debug */ = {
			isa = XCBuildConfiguration;
			buildSettings = {
				BUNDLE_LOADER = "$(TEST_HOST)";
				CODE_SIGN_STYLE = Automatic;
				CURRENT_PROJECT_VERSION = 1;
				DEVELOPMENT_TEAM = 5KQ66KV2K8;
				GENERATE_INFOPLIST_FILE = YES;
				IPHONEOS_DEPLOYMENT_TARGET = 26.5;
				MACOSX_DEPLOYMENT_TARGET = 26.4;
				MARKETING_VERSION = 1.0;
				PRODUCT_BUNDLE_IDENTIFIER = "com.GFlab.Offline-Mission-ControlTests";
				PRODUCT_NAME = "$(TARGET_NAME)";
				SDKROOT = auto;
				STRING_CATALOG_GENERATE_SYMBOLS = NO;
				SUPPORTED_PLATFORMS = "iphoneos iphonesimulator macosx xros xrsimulator";
				SWIFT_APPROACHABLE_CONCURRENCY = YES;
				SWIFT_EMIT_LOC_STRINGS = NO;
				SWIFT_UPCOMING_FEATURE_MEMBER_IMPORT_VISIBILITY = YES;
				SWIFT_VERSION = 5.0;
				TARGETED_DEVICE_FAMILY = "1,2,7";
				TEST_HOST = "$(BUILT_PRODUCTS_DIR)/Offline_Mission_Control.app/$(BUNDLE_EXECUTABLE_FOLDER_PATH)/Offline_Mission_Control";
				XROS_DEPLOYMENT_TARGET = 26.5;
			};
			name = Debug;
		};
		F4338F6E2FD01DAB0034F1C8 /* Release */ = {
			isa = XCBuildConfiguration;
			buildSettings = {
				BUNDLE_LOADER = "$(TEST_HOST)";
				CODE_SIGN_STYLE = Automatic;
				CURRENT_PROJECT_VERSION = 1;
				DEVELOPMENT_TEAM = 5KQ66KV2K8;
				GENERATE_INFOPLIST_FILE = YES;
				IPHONEOS_DEPLOYMENT_TARGET = 26.5;
				MACOSX_DEPLOYMENT_TARGET = 26.4;
				MARKETING_VERSION = 1.0;
				PRODUCT_BUNDLE_IDENTIFIER = "com.GFlab.Offline-Mission-ControlTests";
				PRODUCT_NAME = "$(TARGET_NAME)";
				SDKROOT = auto;
				STRING_CATALOG_GENERATE_SYMBOLS = NO;
				SUPPORTED_PLATFORMS = "iphoneos iphonesimulator macosx xros xrsimulator";
				SWIFT_APPROACHABLE_CONCURRENCY = YES;
				SWIFT_EMIT_LOC_STRINGS = NO;
				SWIFT_UPCOMING_FEATURE_MEMBER_IMPORT_VISIBILITY = YES;
				SWIFT_VERSION = 5.0;
				TARGETED_DEVICE_FAMILY = "1,2,7";
				TEST_HOST = "$(BUILT_PRODUCTS_DIR)/Offline_Mission_Control.app/$(BUNDLE_EXECUTABLE_FOLDER_PATH)/Offline_Mission_Control";
				XROS_DEPLOYMENT_TARGET = 26.5;
			};
			name = Release;
		};
		F4338F702FD01DAB0034F1C8 /* Debug */ = {
			isa = XCBuildConfiguration;
			buildSettings = {
				CODE_SIGN_STYLE = Automatic;
				CURRENT_PROJECT_VERSION = 1;
				DEVELOPMENT_TEAM = 5KQ66KV2K8;
				GENERATE_INFOPLIST_FILE = YES;
				IPHONEOS_DEPLOYMENT_TARGET = 26.5;
				MACOSX_DEPLOYMENT_TARGET = 26.4;
				MARKETING_VERSION = 1.0;
				PRODUCT_BUNDLE_IDENTIFIER = "com.GFlab.Offline-Mission-ControlUITests";
				PRODUCT_NAME = "$(TARGET_NAME)";
				SDKROOT = auto;
				STRING_CATALOG_GENERATE_SYMBOLS = NO;
				SUPPORTED_PLATFORMS = "iphoneos iphonesimulator macosx xros xrsimulator";
				SWIFT_APPROACHABLE_CONCURRENCY = YES;
				SWIFT_EMIT_LOC_STRINGS = NO;
				SWIFT_UPCOMING_FEATURE_MEMBER_IMPORT_VISIBILITY = YES;
				SWIFT_VERSION = 5.0;
				TARGETED_DEVICE_FAMILY = "1,2,7";
				TEST_TARGET_NAME = Offline_Mission_Control;
				XROS_DEPLOYMENT_TARGET = 26.5;
			};
			name = Debug;
		};
		F4338F712FD01DAB0034F1C8 /* Release */ = {
			isa = XCBuildConfiguration;
			buildSettings = {
				CODE_SIGN_STYLE = Automatic;
				CURRENT_PROJECT_VERSION = 1;
				DEVELOPMENT_TEAM = 5KQ66KV2K8;
				GENERATE_INFOPLIST_FILE = YES;
				IPHONEOS_DEPLOYMENT_TARGET = 26.5;
				MACOSX_DEPLOYMENT_TARGET = 26.4;
				MARKETING_VERSION = 1.0;
				PRODUCT_BUNDLE_IDENTIFIER = "com.GFlab.Offline-Mission-ControlUITests";
				PRODUCT_NAME = "$(TARGET_NAME)";
				SDKROOT = auto;
				STRING_CATALOG_GENERATE_SYMBOLS = NO;
				SUPPORTED_PLATFORMS = "iphoneos iphonesimulator macosx xros xrsimulator";
				SWIFT_APPROACHABLE_CONCURRENCY = YES;
				SWIFT_EMIT_LOC_STRINGS = NO;
				SWIFT_UPCOMING_FEATURE_MEMBER_IMPORT_VISIBILITY = YES;
				SWIFT_VERSION = 5.0;
				TARGETED_DEVICE_FAMILY = "1,2,7";
				TEST_TARGET_NAME = Offline_Mission_Control;
				XROS_DEPLOYMENT_TARGET = 26.5;
			};
			name = Release;
		};
/* End XCBuildConfiguration section */

/* Begin XCConfigurationList section */
		F4338F432FD01DA90034F1C8 /* Build configuration list for PBXProject "Offline_Mission_Control" */ = {
			isa = XCConfigurationList;
			buildConfigurations = (
				F4338F672FD01DAB0034F1C8 /* Debug */,
				F4338F682FD01DAB0034F1C8 /* Release */,
			);
			defaultConfigurationIsVisible = 0;
			defaultConfigurationName = Release;
		};
		F4338F692FD01DAB0034F1C8 /* Build configuration list for PBXNativeTarget "Offline_Mission_Control" */ = {
			isa = XCConfigurationList;
			buildConfigurations = (
				F4338F6A2FD01DAB0034F1C8 /* Debug */,
				F4338F6B2FD01DAB0034F1C8 /* Release */,
			);
			defaultConfigurationIsVisible = 0;
			defaultConfigurationName = Release;
		};
		F4338F6C2FD01DAB0034F1C8 /* Build configuration list for PBXNativeTarget "Offline_Mission_ControlTests" */ = {
			isa = XCConfigurationList;
			buildConfigurations = (
				F4338F6D2FD01DAB0034F1C8 /* Debug */,
				F4338F6E2FD01DAB0034F1C8 /* Release */,
			);
			defaultConfigurationIsVisible = 0;
			defaultConfigurationName = Release;
		};
		F4338F6F2FD01DAB0034F1C8 /* Build configuration list for PBXNativeTarget "Offline_Mission_ControlUITests" */ = {
			isa = XCConfigurationList;
			buildConfigurations = (
				F4338F702FD01DAB0034F1C8 /* Debug */,
				F4338F712FD01DAB0034F1C8 /* Release */,
			);
			defaultConfigurationIsVisible = 0;
			defaultConfigurationName = Release;
		};
/* End XCConfigurationList section */

/* Begin XCRemoteSwiftPackageReference section */
		F4338FB02FD027AA0034F1C8 /* XCRemoteSwiftPackageReference "meta-wearables-dat-ios" */ = {
			isa = XCRemoteSwiftPackageReference;
			repositoryURL = "https://github.com/facebook/meta-wearables-dat-ios";
			requirement = {
				kind = upToNextMajorVersion;
				minimumVersion = 0.7.0;
			};
		};
/* End XCRemoteSwiftPackageReference section */

/* Begin XCSwiftPackageProductDependency section */
		F4338FB22FD032510034F1C8 /* MWDATCamera */ = {
			isa = XCSwiftPackageProductDependency;
			package = F4338FB02FD027AA0034F1C8 /* XCRemoteSwiftPackageReference "meta-wearables-dat-ios" */;
			productName = MWDATCamera;
		};
		F4338FB42FD032510034F1C8 /* MWDATCore */ = {
			isa = XCSwiftPackageProductDependency;
			package = F4338FB02FD027AA0034F1C8 /* XCRemoteSwiftPackageReference "meta-wearables-dat-ios" */;
			productName = MWDATCore;
		};
		F4338FB62FD032510034F1C8 /* MWDATDisplay */ = {
			isa = XCSwiftPackageProductDependency;
			package = F4338FB02FD027AA0034F1C8 /* XCRemoteSwiftPackageReference "meta-wearables-dat-ios" */;
			productName = MWDATDisplay;
		};
/* End XCSwiftPackageProductDependency section */
	};
	rootObject = F4338F402FD01DA90034F1C8 /* Project object */;
}
